// !$*UTF8*$!
{
	archiveVersion = 1;
	classes = {
	};
	objectVersion = 50;
	objects = {

/* Begin PBXBuildFile section */
		7505A95E2618B1080077C493 /* main.cpp in Sources */ = {isa = PBXBuildFile; fileRef = 7505A95D2618B1080077C493 /* main.cpp */; };
		750F42362618AE95001859B8 /* main.cpp in Sources */ = {isa = PBXBuildFile; fileRef = 750551C525EEBE80004001C5 /* main.cpp */; };
		756F5ED4262F37EA00D762C6 /* main.cpp in Sources */ = {isa = PBXBuildFile; fileRef = 7586A7E3262DC83900585561 /* main.cpp */; };
		75739D31264153C3001BCCE0 /* main.cpp in Sources */ = {isa = PBXBuildFile; fileRef = 75739D30264153C3001BCCE0 /* main.cpp */; };
		75739D4C2641D0FF001BCCE0 /* main.cpp in Sources */ = {isa = PBXBuildFile; fileRef = 75739D4B2641D0FF001BCCE0 /* main.cpp */; };
		75739D602641D303001BCCE0 /* main.cpp in Sources */ = {isa = PBXBuildFile; fileRef = 75739D5F2641D303001BCCE0 /* main.cpp */; };
		75739D752642ECE6001BCCE0 /* main.cpp in Sources */ = {isa = PBXBuildFile; fileRef = 75739D742642ECE6001BCCE0 /* main.cpp */; };
		75739D8B2643D3BA001BCCE0 /* main.cpp in Sources */ = {isa = PBXBuildFile; fileRef = 75739D8A2643D3BA001BCCE0 /* main.cpp */; };
		7586A7D3262DAB8700585561 /* main.cpp in Sources */ = {isa = PBXBuildFile; fileRef = 7586A7D2262DAB8700585561 /* main.cpp */; };
		75C204712645D60400EBBBB6 /* main.cpp in Sources */ = {isa = PBXBuildFile; fileRef = 75C204702645D60400EBBBB6 /* main.cpp */; };
		75C20485264C25CE00EBBBB6 /* document.cpp in Sources */ = {isa = PBXBuildFile; fileRef = 75C20483264C25CE00EBBBB6 /* document.cpp */; };
		75C204A5264C25FD00EBBBB6 /* read_input_functions.cpp in Sources */ = {isa = PBXBuildFile; fileRef = 75C204A3264C25FD00EBBBB6 /* read_input_functions.cpp */; };
		75C204B5264C261800EBBBB6 /* request_queue.cpp in Sources */ = {isa = PBXBuildFile; fileRef = 75C204B3264C261800EBBBB6 /* request_queue.cpp */; };
		75C204C5264C263900EBBBB6 /* search_server.cpp in Sources */ = {isa = PBXBuildFile; fileRef = 75C204C3264C263900EBBBB6 /* search_server.cpp */; };
		75C204D5264C264600EBBBB6 /* string_processing.cpp in Sources */ = {isa = PBXBuildFile; fileRef = 75C204D3264C264600EBBBB6 /* string_processing.cpp */; };
		75F5CBFF261B5D7A00CB6D97 /* main.cpp in Sources */ = {isa = PBXBuildFile; fileRef = 75F5CBFE261B5D7A00CB6D97 /* main.cpp */; };
		75F5CC0D261CEA8F00CB6D97 /* main.cpp in Sources */ = {isa = PBXBuildFile; fileRef = 75F5CC0C261CEA8F00CB6D97 /* main.cpp */; };
/* End PBXBuildFile section */

/* Begin PBXCopyFilesBuildPhase section */
		750551C025EEBE80004001C5 /* CopyFiles */ = {
			isa = PBXCopyFilesBuildPhase;
			buildActionMask = 2147483647;
			dstPath = /usr/share/man/man1/;
			dstSubfolderSpec = 0;
			files = (
			);
			runOnlyForDeploymentPostprocessing = 1;
		};
		7505A9592618B1080077C493 /* CopyFiles */ = {
			isa = PBXCopyFilesBuildPhase;
			buildActionMask = 2147483647;
			dstPath = /usr/share/man/man1/;
			dstSubfolderSpec = 0;
			files = (
			);
			runOnlyForDeploymentPostprocessing = 1;
		};
		75739D2C264153C3001BCCE0 /* CopyFiles */ = {
			isa = PBXCopyFilesBuildPhase;
			buildActionMask = 2147483647;
			dstPath = /usr/share/man/man1/;
			dstSubfolderSpec = 0;
			files = (
			);
			runOnlyForDeploymentPostprocessing = 1;
		};
		75739D472641D0FF001BCCE0 /* CopyFiles */ = {
			isa = PBXCopyFilesBuildPhase;
			buildActionMask = 2147483647;
			dstPath = /usr/share/man/man1/;
			dstSubfolderSpec = 0;
			files = (
			);
			runOnlyForDeploymentPostprocessing = 1;
		};
		75739D5B2641D303001BCCE0 /* CopyFiles */ = {
			isa = PBXCopyFilesBuildPhase;
			buildActionMask = 2147483647;
			dstPath = /usr/share/man/man1/;
			dstSubfolderSpec = 0;
			files = (
			);
			runOnlyForDeploymentPostprocessing = 1;
		};
		75739D702642ECE6001BCCE0 /* CopyFiles */ = {
			isa = PBXCopyFilesBuildPhase;
			buildActionMask = 2147483647;
			dstPath = /usr/share/man/man1/;
			dstSubfolderSpec = 0;
			files = (
			);
			runOnlyForDeploymentPostprocessing = 1;
		};
		75739D862643D3BA001BCCE0 /* CopyFiles */ = {
			isa = PBXCopyFilesBuildPhase;
			buildActionMask = 2147483647;
			dstPath = /usr/share/man/man1/;
			dstSubfolderSpec = 0;
			files = (
			);
			runOnlyForDeploymentPostprocessing = 1;
		};
		7586A7CE262DAB8700585561 /* CopyFiles */ = {
			isa = PBXCopyFilesBuildPhase;
			buildActionMask = 2147483647;
			dstPath = /usr/share/man/man1/;
			dstSubfolderSpec = 0;
			files = (
			);
			runOnlyForDeploymentPostprocessing = 1;
		};
		7586A7DF262DC83900585561 /* CopyFiles */ = {
			isa = PBXCopyFilesBuildPhase;
			buildActionMask = 2147483647;
			dstPath = /usr/share/man/man1/;
			dstSubfolderSpec = 0;
			files = (
			);
			runOnlyForDeploymentPostprocessing = 1;
		};
		75C2046C2645D60400EBBBB6 /* CopyFiles */ = {
			isa = PBXCopyFilesBuildPhase;
			buildActionMask = 2147483647;
			dstPath = /usr/share/man/man1/;
			dstSubfolderSpec = 0;
			files = (
			);
			runOnlyForDeploymentPostprocessing = 1;
		};
		75CAF0CE2626DB0D00F120AA /* CopyFiles */ = {
			isa = PBXCopyFilesBuildPhase;
			buildActionMask = 2147483647;
			dstPath = /usr/share/man/man1/;
			dstSubfolderSpec = 0;
			files = (
			);
			runOnlyForDeploymentPostprocessing = 1;
		};
		75F5CBFA261B5D7A00CB6D97 /* CopyFiles */ = {
			isa = PBXCopyFilesBuildPhase;
			buildActionMask = 2147483647;
			dstPath = /usr/share/man/man1/;
			dstSubfolderSpec = 0;
			files = (
			);
			runOnlyForDeploymentPostprocessing = 1;
		};
		75F5CC08261CEA8F00CB6D97 /* CopyFiles */ = {
			isa = PBXCopyFilesBuildPhase;
			buildActionMask = 2147483647;
			dstPath = /usr/share/man/man1/;
			dstSubfolderSpec = 0;
			files = (
			);
			runOnlyForDeploymentPostprocessing = 1;
		};
/* End PBXCopyFilesBuildPhase section */

/* Begin PBXFileReference section */
		750551C225EEBE80004001C5 /* simple_search */ = {isa = PBXFileReference; explicitFileType = "compiled.mach-o.executable"; includeInIndex = 0; path = simple_search; sourceTree = BUILT_PRODUCTS_DIR; };
		750551C525EEBE80004001C5 /* main.cpp */ = {isa = PBXFileReference; lastKnownFileType = sourcecode.cpp.cpp; path = main.cpp; sourceTree = "<group>"; };
		7505A95B2618B1080077C493 /* Sprint2 */ = {isa = PBXFileReference; explicitFileType = "compiled.mach-o.executable"; includeInIndex = 0; path = Sprint2; sourceTree = BUILT_PRODUCTS_DIR; };
		7505A95D2618B1080077C493 /* main.cpp */ = {isa = PBXFileReference; lastKnownFileType = sourcecode.cpp.cpp; path = main.cpp; sourceTree = "<group>"; };
		75739D2E264153C3001BCCE0 /* PrintRange */ = {isa = PBXFileReference; explicitFileType = "compiled.mach-o.executable"; includeInIndex = 0; path = PrintRange; sourceTree = BUILT_PRODUCTS_DIR; };
		75739D30264153C3001BCCE0 /* main.cpp */ = {isa = PBXFileReference; lastKnownFileType = sourcecode.cpp.cpp; path = main.cpp; sourceTree = "<group>"; };
		75739D492641D0FF001BCCE0 /* Playground */ = {isa = PBXFileReference; explicitFileType = "compiled.mach-o.executable"; includeInIndex = 0; path = Playground; sourceTree = BUILT_PRODUCTS_DIR; };
		75739D4B2641D0FF001BCCE0 /* main.cpp */ = {isa = PBXFileReference; lastKnownFileType = sourcecode.cpp.cpp; path = main.cpp; sourceTree = "<group>"; };
		75739D5D2641D303001BCCE0 /* HanoiTower */ = {isa = PBXFileReference; explicitFileType = "compiled.mach-o.executable"; includeInIndex = 0; path = HanoiTower; sourceTree = BUILT_PRODUCTS_DIR; };
		75739D5F2641D303001BCCE0 /* main.cpp */ = {isa = PBXFileReference; lastKnownFileType = sourcecode.cpp.cpp; path = main.cpp; sourceTree = "<group>"; };
		75739D722642ECE6001BCCE0 /* MergeSort */ = {isa = PBXFileReference; explicitFileType = "compiled.mach-o.executable"; includeInIndex = 0; path = MergeSort; sourceTree = BUILT_PRODUCTS_DIR; };
		75739D742642ECE6001BCCE0 /* main.cpp */ = {isa = PBXFileReference; lastKnownFileType = sourcecode.cpp.cpp; path = main.cpp; sourceTree = "<group>"; };
		75739D882643D3BA001BCCE0 /* Sprint4 */ = {isa = PBXFileReference; explicitFileType = "compiled.mach-o.executable"; includeInIndex = 0; path = Sprint4; sourceTree = BUILT_PRODUCTS_DIR; };
		75739D8A2643D3BA001BCCE0 /* main.cpp */ = {isa = PBXFileReference; lastKnownFileType = sourcecode.cpp.cpp; path = main.cpp; sourceTree = "<group>"; };
		7586A7D0262DAB8700585561 /* Rational */ = {isa = PBXFileReference; explicitFileType = "compiled.mach-o.executable"; includeInIndex = 0; path = Rational; sourceTree = BUILT_PRODUCTS_DIR; };
		7586A7D2262DAB8700585561 /* main.cpp */ = {isa = PBXFileReference; lastKnownFileType = sourcecode.cpp.cpp; path = main.cpp; sourceTree = "<group>"; };
		7586A7E1262DC83900585561 /* Sprint3 */ = {isa = PBXFileReference; explicitFileType = "compiled.mach-o.executable"; includeInIndex = 0; path = Sprint3; sourceTree = BUILT_PRODUCTS_DIR; };
		7586A7E3262DC83900585561 /* main.cpp */ = {isa = PBXFileReference; lastKnownFileType = sourcecode.cpp.cpp; path = main.cpp; sourceTree = "<group>"; };
		7586A7F7262DCA0100585561 /* Test.h */ = {isa = PBXFileReference; lastKnownFileType = sourcecode.c.h; path = Test.h; sourceTree = "<group>"; };
		75C2046E2645D60400EBBBB6 /* Stack */ = {isa = PBXFileReference; explicitFileType = "compiled.mach-o.executable"; includeInIndex = 0; path = Stack; sourceTree = BUILT_PRODUCTS_DIR; };
		75C204702645D60400EBBBB6 /* main.cpp */ = {isa = PBXFileReference; lastKnownFileType = sourcecode.cpp.cpp; path = main.cpp; sourceTree = "<group>"; };
		75C20483264C25CE00EBBBB6 /* document.cpp */ = {isa = PBXFileReference; lastKnownFileType = sourcecode.cpp.cpp; path = document.cpp; sourceTree = "<group>"; };
		75C20484264C25CE00EBBBB6 /* document.hpp */ = {isa = PBXFileReference; lastKnownFileType = sourcecode.cpp.h; path = document.hpp; sourceTree = "<group>"; };
		75C20494264C25EB00EBBBB6 /* paginator.hpp */ = {isa = PBXFileReference; lastKnownFileType = sourcecode.cpp.h; path = paginator.hpp; sourceTree = "<group>"; };
		75C204A3264C25FD00EBBBB6 /* read_input_functions.cpp */ = {isa = PBXFileReference; lastKnownFileType = sourcecode.cpp.cpp; path = read_input_functions.cpp; sourceTree = "<group>"; };
		75C204A4264C25FD00EBBBB6 /* read_input_functions.hpp */ = {isa = PBXFileReference; lastKnownFileType = sourcecode.cpp.h; path = read_input_functions.hpp; sourceTree = "<group>"; };
		75C204B3264C261800EBBBB6 /* request_queue.cpp */ = {isa = PBXFileReference; lastKnownFileType = sourcecode.cpp.cpp; path = request_queue.cpp; sourceTree = "<group>"; };
		75C204B4264C261800EBBBB6 /* request_queue.hpp */ = {isa = PBXFileReference; lastKnownFileType = sourcecode.cpp.h; path = request_queue.hpp; sourceTree = "<group>"; };
		75C204C3264C263900EBBBB6 /* search_server.cpp */ = {isa = PBXFileReference; lastKnownFileType = sourcecode.cpp.cpp; path = search_server.cpp; sourceTree = "<group>"; };
		75C204C4264C263900EBBBB6 /* search_server.hpp */ = {isa = PBXFileReference; lastKnownFileType = sourcecode.cpp.h; path = search_server.hpp; sourceTree = "<group>"; };
		75C204D3264C264600EBBBB6 /* string_processing.cpp */ = {isa = PBXFileReference; lastKnownFileType = sourcecode.cpp.cpp; path = string_processing.cpp; sourceTree = "<group>"; };
		75C204D4264C264600EBBBB6 /* string_processing.hpp */ = {isa = PBXFileReference; lastKnownFileType = sourcecode.cpp.h; path = string_processing.hpp; sourceTree = "<group>"; };
		75CAF0D02626DB0D00F120AA /* DebuggerTest */ = {isa = PBXFileReference; explicitFileType = "compiled.mach-o.executable"; includeInIndex = 0; path = DebuggerTest; sourceTree = BUILT_PRODUCTS_DIR; };
		75F5CBFC261B5D7A00CB6D97 /* Synonyms */ = {isa = PBXFileReference; explicitFileType = "compiled.mach-o.executable"; includeInIndex = 0; path = Synonyms; sourceTree = BUILT_PRODUCTS_DIR; };
		75F5CBFE261B5D7A00CB6D97 /* main.cpp */ = {isa = PBXFileReference; lastKnownFileType = sourcecode.cpp.cpp; path = main.cpp; sourceTree = "<group>"; };
		75F5CC0A261CEA8F00CB6D97 /* BusStops */ = {isa = PBXFileReference; explicitFileType = "compiled.mach-o.executable"; includeInIndex = 0; path = BusStops; sourceTree = BUILT_PRODUCTS_DIR; };
		75F5CC0C261CEA8F00CB6D97 /* main.cpp */ = {isa = PBXFileReference; lastKnownFileType = sourcecode.cpp.cpp; path = main.cpp; sourceTree = "<group>"; };
/* End PBXFileReference section */

/* Begin PBXFrameworksBuildPhase section */
		750551BF25EEBE80004001C5 /* Frameworks */ = {
			isa = PBXFrameworksBuildPhase;
			buildActionMask = 2147483647;
			files = (
			);
			runOnlyForDeploymentPostprocessing = 0;
		};
		7505A9582618B1080077C493 /* Frameworks */ = {
			isa = PBXFrameworksBuildPhase;
			buildActionMask = 2147483647;
			files = (
			);
			runOnlyForDeploymentPostprocessing = 0;
		};
		75739D2B264153C3001BCCE0 /* Frameworks */ = {
			isa = PBXFrameworksBuildPhase;
			buildActionMask = 2147483647;
			files = (
			);
			runOnlyForDeploymentPostprocessing = 0;
		};
		75739D462641D0FF001BCCE0 /* Frameworks */ = {
			isa = PBXFrameworksBuildPhase;
			buildActionMask = 2147483647;
			files = (
			);
			runOnlyForDeploymentPostprocessing = 0;
		};
		75739D5A2641D303001BCCE0 /* Frameworks */ = {
			isa = PBXFrameworksBuildPhase;
			buildActionMask = 2147483647;
			files = (
			);
			runOnlyForDeploymentPostprocessing = 0;
		};
		75739D6F2642ECE6001BCCE0 /* Frameworks */ = {
			isa = PBXFrameworksBuildPhase;
			buildActionMask = 2147483647;
			files = (
			);
			runOnlyForDeploymentPostprocessing = 0;
		};
		75739D852643D3BA001BCCE0 /* Frameworks */ = {
			isa = PBXFrameworksBuildPhase;
			buildActionMask = 2147483647;
			files = (
			);
			runOnlyForDeploymentPostprocessing = 0;
		};
		7586A7CD262DAB8700585561 /* Frameworks */ = {
			isa = PBXFrameworksBuildPhase;
			buildActionMask = 2147483647;
			files = (
			);
			runOnlyForDeploymentPostprocessing = 0;
		};
		7586A7DE262DC83900585561 /* Frameworks */ = {
			isa = PBXFrameworksBuildPhase;
			buildActionMask = 2147483647;
			files = (
			);
			runOnlyForDeploymentPostprocessing = 0;
		};
		75C2046B2645D60400EBBBB6 /* Frameworks */ = {
			isa = PBXFrameworksBuildPhase;
			buildActionMask = 2147483647;
			files = (
			);
			runOnlyForDeploymentPostprocessing = 0;
		};
		75CAF0CD2626DB0D00F120AA /* Frameworks */ = {
			isa = PBXFrameworksBuildPhase;
			buildActionMask = 2147483647;
			files = (
			);
			runOnlyForDeploymentPostprocessing = 0;
		};
		75F5CBF9261B5D7A00CB6D97 /* Frameworks */ = {
			isa = PBXFrameworksBuildPhase;
			buildActionMask = 2147483647;
			files = (
			);
			runOnlyForDeploymentPostprocessing = 0;
		};
		75F5CC07261CEA8F00CB6D97 /* Frameworks */ = {
			isa = PBXFrameworksBuildPhase;
			buildActionMask = 2147483647;
			files = (
			);
			runOnlyForDeploymentPostprocessing = 0;
		};
/* End PBXFrameworksBuildPhase section */

/* Begin PBXGroup section */
		750551B925EEBE80004001C5 = {
			isa = PBXGroup;
			children = (
				750551C425EEBE80004001C5 /* Sprint1 */,
				7505A95C2618B1080077C493 /* Sprint2 */,
				75F5CBFD261B5D7A00CB6D97 /* Synonyms */,
				75F5CC0B261CEA8F00CB6D97 /* BusStops */,
				7586A7D1262DAB8700585561 /* Rational */,
				7586A7E2262DC83900585561 /* Sprint3 */,
				75739D2F264153C3001BCCE0 /* PrintRange */,
				75739D4A2641D0FF001BCCE0 /* Playground */,
				75739D5E2641D303001BCCE0 /* HanoiTower */,
				75739D732642ECE6001BCCE0 /* MergeSort */,
				75739D892643D3BA001BCCE0 /* Sprint4 */,
				75C2046F2645D60400EBBBB6 /* Stack */,
				750551C325EEBE80004001C5 /* Products */,
			);
			sourceTree = "<group>";
		};
		750551C325EEBE80004001C5 /* Products */ = {
			isa = PBXGroup;
			children = (
				750551C225EEBE80004001C5 /* simple_search */,
				7505A95B2618B1080077C493 /* Sprint2 */,
				75F5CBFC261B5D7A00CB6D97 /* Synonyms */,
				75F5CC0A261CEA8F00CB6D97 /* BusStops */,
				75CAF0D02626DB0D00F120AA /* DebuggerTest */,
				7586A7D0262DAB8700585561 /* Rational */,
				7586A7E1262DC83900585561 /* Sprint3 */,
				75739D2E264153C3001BCCE0 /* PrintRange */,
				75739D492641D0FF001BCCE0 /* Playground */,
				75739D5D2641D303001BCCE0 /* HanoiTower */,
				75739D722642ECE6001BCCE0 /* MergeSort */,
				75739D882643D3BA001BCCE0 /* Sprint4 */,
				75C2046E2645D60400EBBBB6 /* Stack */,
			);
			name = Products;
			sourceTree = "<group>";
		};
		750551C425EEBE80004001C5 /* Sprint1 */ = {
			isa = PBXGroup;
			children = (
				750551C525EEBE80004001C5 /* main.cpp */,
			);
			path = Sprint1;
			sourceTree = "<group>";
		};
		7505A95C2618B1080077C493 /* Sprint2 */ = {
			isa = PBXGroup;
			children = (
				7505A95D2618B1080077C493 /* main.cpp */,
			);
			path = Sprint2;
			sourceTree = "<group>";
		};
		75739D2F264153C3001BCCE0 /* PrintRange */ = {
			isa = PBXGroup;
			children = (
				75739D30264153C3001BCCE0 /* main.cpp */,
			);
			path = PrintRange;
			sourceTree = "<group>";
		};
		75739D4A2641D0FF001BCCE0 /* Playground */ = {
			isa = PBXGroup;
			children = (
				7586A7F7262DCA0100585561 /* Test.h */,
				75739D4B2641D0FF001BCCE0 /* main.cpp */,
			);
			path = Playground;
			sourceTree = "<group>";
		};
		75739D5E2641D303001BCCE0 /* HanoiTower */ = {
			isa = PBXGroup;
			children = (
				75739D5F2641D303001BCCE0 /* main.cpp */,
			);
			path = HanoiTower;
			sourceTree = "<group>";
		};
		75739D732642ECE6001BCCE0 /* MergeSort */ = {
			isa = PBXGroup;
			children = (
				75739D742642ECE6001BCCE0 /* main.cpp */,
			);
			path = MergeSort;
			sourceTree = "<group>";
		};
		75739D892643D3BA001BCCE0 /* Sprint4 */ = {
			isa = PBXGroup;
			children = (
				75739D8A2643D3BA001BCCE0 /* main.cpp */,
				75C20483264C25CE00EBBBB6 /* document.cpp */,
				75C204A3264C25FD00EBBBB6 /* read_input_functions.cpp */,
				75C204B3264C261800EBBBB6 /* request_queue.cpp */,
				75C204C3264C263900EBBBB6 /* search_server.cpp */,
				75C204D3264C264600EBBBB6 /* string_processing.cpp */,
				75C204D4264C264600EBBBB6 /* string_processing.hpp */,
				75C204C4264C263900EBBBB6 /* search_server.hpp */,
				75C204B4264C261800EBBBB6 /* request_queue.hpp */,
				75C204A4264C25FD00EBBBB6 /* read_input_functions.hpp */,
				75C20494264C25EB00EBBBB6 /* paginator.hpp */,
				75C20484264C25CE00EBBBB6 /* document.hpp */,
			);
			path = Sprint4;
			sourceTree = "<group>";
		};
		7586A7D1262DAB8700585561 /* Rational */ = {
			isa = PBXGroup;
			children = (
				7586A7D2262DAB8700585561 /* main.cpp */,
			);
			path = Rational;
			sourceTree = "<group>";
		};
		7586A7E2262DC83900585561 /* Sprint3 */ = {
			isa = PBXGroup;
			children = (
				7586A7E3262DC83900585561 /* main.cpp */,
			);
			path = Sprint3;
			sourceTree = "<group>";
		};
		75C2046F2645D60400EBBBB6 /* Stack */ = {
			isa = PBXGroup;
			children = (
				75C204702645D60400EBBBB6 /* main.cpp */,
			);
			path = Stack;
			sourceTree = "<group>";
		};
		75F5CBFD261B5D7A00CB6D97 /* Synonyms */ = {
			isa = PBXGroup;
			children = (
				75F5CBFE261B5D7A00CB6D97 /* main.cpp */,
			);
			path = Synonyms;
			sourceTree = "<group>";
		};
		75F5CC0B261CEA8F00CB6D97 /* BusStops */ = {
			isa = PBXGroup;
			children = (
				75F5CC0C261CEA8F00CB6D97 /* main.cpp */,
			);
			path = BusStops;
			sourceTree = "<group>";
		};
/* End PBXGroup section */

/* Begin PBXNativeTarget section */
		750551C125EEBE80004001C5 /* simple_search */ = {
			isa = PBXNativeTarget;
			buildConfigurationList = 750551C925EEBE80004001C5 /* Build configuration list for PBXNativeTarget "simple_search" */;
			buildPhases = (
				750551BE25EEBE80004001C5 /* Sources */,
				750551BF25EEBE80004001C5 /* Frameworks */,
				750551C025EEBE80004001C5 /* CopyFiles */,
			);
			buildRules = (
			);
			dependencies = (
			);
			name = simple_search;
			productName = simple_search;
			productReference = 750551C225EEBE80004001C5 /* simple_search */;
			productType = "com.apple.product-type.tool";
		};
		7505A95A2618B1080077C493 /* Sprint2 */ = {
			isa = PBXNativeTarget;
			buildConfigurationList = 7505A9612618B1080077C493 /* Build configuration list for PBXNativeTarget "Sprint2" */;
			buildPhases = (
				7505A9572618B1080077C493 /* Sources */,
				7505A9582618B1080077C493 /* Frameworks */,
				7505A9592618B1080077C493 /* CopyFiles */,
			);
			buildRules = (
			);
			dependencies = (
			);
			name = Sprint2;
			productName = Sprint2;
			productReference = 7505A95B2618B1080077C493 /* Sprint2 */;
			productType = "com.apple.product-type.tool";
		};
		75739D2D264153C3001BCCE0 /* PrintRange */ = {
			isa = PBXNativeTarget;
			buildConfigurationList = 75739D34264153C3001BCCE0 /* Build configuration list for PBXNativeTarget "PrintRange" */;
			buildPhases = (
				75739D2A264153C3001BCCE0 /* Sources */,
				75739D2B264153C3001BCCE0 /* Frameworks */,
				75739D2C264153C3001BCCE0 /* CopyFiles */,
			);
			buildRules = (
			);
			dependencies = (
			);
			name = PrintRange;
			productName = PrintRange;
			productReference = 75739D2E264153C3001BCCE0 /* PrintRange */;
			productType = "com.apple.product-type.tool";
		};
		75739D482641D0FF001BCCE0 /* Playground */ = {
			isa = PBXNativeTarget;
			buildConfigurationList = 75739D4F2641D0FF001BCCE0 /* Build configuration list for PBXNativeTarget "Playground" */;
			buildPhases = (
				75739D452641D0FF001BCCE0 /* Sources */,
				75739D462641D0FF001BCCE0 /* Frameworks */,
				75739D472641D0FF001BCCE0 /* CopyFiles */,
			);
			buildRules = (
			);
			dependencies = (
			);
			name = Playground;
			productName = Playground;
			productReference = 75739D492641D0FF001BCCE0 /* Playground */;
			productType = "com.apple.product-type.tool";
		};
		75739D5C2641D303001BCCE0 /* HanoiTower */ = {
			isa = PBXNativeTarget;
			buildConfigurationList = 75739D612641D303001BCCE0 /* Build configuration list for PBXNativeTarget "HanoiTower" */;
			buildPhases = (
				75739D592641D303001BCCE0 /* Sources */,
				75739D5A2641D303001BCCE0 /* Frameworks */,
				75739D5B2641D303001BCCE0 /* CopyFiles */,
			);
			buildRules = (
			);
			dependencies = (
			);
			name = HanoiTower;
			productName = HanoiTower;
			productReference = 75739D5D2641D303001BCCE0 /* HanoiTower */;
			productType = "com.apple.product-type.tool";
		};
		75739D712642ECE6001BCCE0 /* MergeSort */ = {
			isa = PBXNativeTarget;
			buildConfigurationList = 75739D782642ECE6001BCCE0 /* Build configuration list for PBXNativeTarget "MergeSort" */;
			buildPhases = (
				75739D6E2642ECE6001BCCE0 /* Sources */,
				75739D6F2642ECE6001BCCE0 /* Frameworks */,
				75739D702642ECE6001BCCE0 /* CopyFiles */,
			);
			buildRules = (
			);
			dependencies = (
			);
			name = MergeSort;
			productName = MergeSort;
			productReference = 75739D722642ECE6001BCCE0 /* MergeSort */;
			productType = "com.apple.product-type.tool";
		};
		75739D872643D3BA001BCCE0 /* Sprint4 */ = {
			isa = PBXNativeTarget;
			buildConfigurationList = 75739D8C2643D3BA001BCCE0 /* Build configuration list for PBXNativeTarget "Sprint4" */;
			buildPhases = (
				75739D842643D3BA001BCCE0 /* Sources */,
				75739D852643D3BA001BCCE0 /* Frameworks */,
				75739D862643D3BA001BCCE0 /* CopyFiles */,
			);
			buildRules = (
			);
			dependencies = (
			);
			name = Sprint4;
			productName = Sprint4;
			productReference = 75739D882643D3BA001BCCE0 /* Sprint4 */;
			productType = "com.apple.product-type.tool";
		};
		7586A7CF262DAB8700585561 /* Rational */ = {
			isa = PBXNativeTarget;
			buildConfigurationList = 7586A7D6262DAB8700585561 /* Build configuration list for PBXNativeTarget "Rational" */;
			buildPhases = (
				7586A7CC262DAB8700585561 /* Sources */,
				7586A7CD262DAB8700585561 /* Frameworks */,
				7586A7CE262DAB8700585561 /* CopyFiles */,
			);
			buildRules = (
			);
			dependencies = (
			);
			name = Rational;
			productName = Rational;
			productReference = 7586A7D0262DAB8700585561 /* Rational */;
			productType = "com.apple.product-type.tool";
		};
		7586A7E0262DC83900585561 /* Sprint3 */ = {
			isa = PBXNativeTarget;
			buildConfigurationList = 7586A7E5262DC83900585561 /* Build configuration list for PBXNativeTarget "Sprint3" */;
			buildPhases = (
				7586A7DD262DC83900585561 /* Sources */,
				7586A7DE262DC83900585561 /* Frameworks */,
				7586A7DF262DC83900585561 /* CopyFiles */,
			);
			buildRules = (
			);
			dependencies = (
			);
			name = Sprint3;
			productName = Sprint3;
			productReference = 7586A7E1262DC83900585561 /* Sprint3 */;
			productType = "com.apple.product-type.tool";
		};
		75C2046D2645D60400EBBBB6 /* Stack */ = {
			isa = PBXNativeTarget;
			buildConfigurationList = 75C204742645D60400EBBBB6 /* Build configuration list for PBXNativeTarget "Stack" */;
			buildPhases = (
				75C2046A2645D60400EBBBB6 /* Sources */,
				75C2046B2645D60400EBBBB6 /* Frameworks */,
				75C2046C2645D60400EBBBB6 /* CopyFiles */,
			);
			buildRules = (
			);
			dependencies = (
			);
			name = Stack;
			productName = Stack;
			productReference = 75C2046E2645D60400EBBBB6 /* Stack */;
			productType = "com.apple.product-type.tool";
		};
		75CAF0CF2626DB0D00F120AA /* DebuggerTest */ = {
			isa = PBXNativeTarget;
			buildConfigurationList = 75CAF0D42626DB0D00F120AA /* Build configuration list for PBXNativeTarget "DebuggerTest" */;
			buildPhases = (
				75CAF0CC2626DB0D00F120AA /* Sources */,
				75CAF0CD2626DB0D00F120AA /* Frameworks */,
				75CAF0CE2626DB0D00F120AA /* CopyFiles */,
			);
			buildRules = (
			);
			dependencies = (
			);
			name = DebuggerTest;
			productName = DebuggerTest;
			productReference = 75CAF0D02626DB0D00F120AA /* DebuggerTest */;
			productType = "com.apple.product-type.tool";
		};
		75F5CBFB261B5D7A00CB6D97 /* Synonyms */ = {
			isa = PBXNativeTarget;
			buildConfigurationList = 75F5CC02261B5D7A00CB6D97 /* Build configuration list for PBXNativeTarget "Synonyms" */;
			buildPhases = (
				75F5CBF8261B5D7A00CB6D97 /* Sources */,
				75F5CBF9261B5D7A00CB6D97 /* Frameworks */,
				75F5CBFA261B5D7A00CB6D97 /* CopyFiles */,
			);
			buildRules = (
			);
			dependencies = (
			);
			name = Synonyms;
			productName = Synonyms;
			productReference = 75F5CBFC261B5D7A00CB6D97 /* Synonyms */;
			productType = "com.apple.product-type.tool";
		};
		75F5CC09261CEA8F00CB6D97 /* BusStops */ = {
			isa = PBXNativeTarget;
			buildConfigurationList = 75F5CC10261CEA8F00CB6D97 /* Build configuration list for PBXNativeTarget "BusStops" */;
			buildPhases = (
				75F5CC06261CEA8F00CB6D97 /* Sources */,
				75F5CC07261CEA8F00CB6D97 /* Frameworks */,
				75F5CC08261CEA8F00CB6D97 /* CopyFiles */,
			);
			buildRules = (
			);
			dependencies = (
			);
			name = BusStops;
			productName = BusStops;
			productReference = 75F5CC0A261CEA8F00CB6D97 /* BusStops */;
			productType = "com.apple.product-type.tool";
		};
/* End PBXNativeTarget section */

/* Begin PBXProject section */
		750551BA25EEBE80004001C5 /* Project object */ = {
			isa = PBXProject;
			attributes = {
				LastUpgradeCheck = 1240;
				TargetAttributes = {
					750551C125EEBE80004001C5 = {
						CreatedOnToolsVersion = 12.4;
					};
					7505A95A2618B1080077C493 = {
						CreatedOnToolsVersion = 12.4;
					};
					75739D2D264153C3001BCCE0 = {
						CreatedOnToolsVersion = 12.4;
					};
					75739D482641D0FF001BCCE0 = {
						CreatedOnToolsVersion = 12.4;
					};
					75739D5C2641D303001BCCE0 = {
						CreatedOnToolsVersion = 12.4;
					};
					75739D712642ECE6001BCCE0 = {
						CreatedOnToolsVersion = 12.4;
					};
					75739D872643D3BA001BCCE0 = {
						CreatedOnToolsVersion = 12.4;
					};
					7586A7CF262DAB8700585561 = {
						CreatedOnToolsVersion = 12.4;
					};
					7586A7E0262DC83900585561 = {
						CreatedOnToolsVersion = 12.4;
					};
					75C2046D2645D60400EBBBB6 = {
						CreatedOnToolsVersion = 12.4;
					};
					75CAF0CF2626DB0D00F120AA = {
						CreatedOnToolsVersion = 12.4;
					};
					75F5CBFB261B5D7A00CB6D97 = {
						CreatedOnToolsVersion = 12.4;
					};
					75F5CC09261CEA8F00CB6D97 = {
						CreatedOnToolsVersion = 12.4;
					};
				};
			};
			buildConfigurationList = 750551BD25EEBE80004001C5 /* Build configuration list for PBXProject "simple_search" */;
			compatibilityVersion = "Xcode 9.3";
			developmentRegion = en;
			hasScannedForEncodings = 0;
			knownRegions = (
				en,
				Base,
			);
			mainGroup = 750551B925EEBE80004001C5;
			productRefGroup = 750551C325EEBE80004001C5 /* Products */;
			projectDirPath = "";
			projectRoot = "";
			targets = (
				750551C125EEBE80004001C5 /* simple_search */,
				7505A95A2618B1080077C493 /* Sprint2 */,
				75F5CBFB261B5D7A00CB6D97 /* Synonyms */,
				75F5CC09261CEA8F00CB6D97 /* BusStops */,
				75CAF0CF2626DB0D00F120AA /* DebuggerTest */,
				7586A7CF262DAB8700585561 /* Rational */,
				7586A7E0262DC83900585561 /* Sprint3 */,
				75739D2D264153C3001BCCE0 /* PrintRange */,
				75739D482641D0FF001BCCE0 /* Playground */,
				75739D5C2641D303001BCCE0 /* HanoiTower */,
				75739D712642ECE6001BCCE0 /* MergeSort */,
				75739D872643D3BA001BCCE0 /* Sprint4 */,
				75C2046D2645D60400EBBBB6 /* Stack */,
			);
		};
/* End PBXProject section */

/* Begin PBXSourcesBuildPhase section */
		750551BE25EEBE80004001C5 /* Sources */ = {
			isa = PBXSourcesBuildPhase;
			buildActionMask = 2147483647;
			files = (
				750F42362618AE95001859B8 /* main.cpp in Sources */,
			);
			runOnlyForDeploymentPostprocessing = 0;
		};
		7505A9572618B1080077C493 /* Sources */ = {
			isa = PBXSourcesBuildPhase;
			buildActionMask = 2147483647;
			files = (
				7505A95E2618B1080077C493 /* main.cpp in Sources */,
			);
			runOnlyForDeploymentPostprocessing = 0;
		};
		75739D2A264153C3001BCCE0 /* Sources */ = {
			isa = PBXSourcesBuildPhase;
			buildActionMask = 2147483647;
			files = (
				75739D31264153C3001BCCE0 /* main.cpp in Sources */,
			);
			runOnlyForDeploymentPostprocessing = 0;
		};
		75739D452641D0FF001BCCE0 /* Sources */ = {
			isa = PBXSourcesBuildPhase;
			buildActionMask = 2147483647;
			files = (
				75739D4C2641D0FF001BCCE0 /* main.cpp in Sources */,
			);
			runOnlyForDeploymentPostprocessing = 0;
		};
		75739D592641D303001BCCE0 /* Sources */ = {
			isa = PBXSourcesBuildPhase;
			buildActionMask = 2147483647;
			files = (
				75739D602641D303001BCCE0 /* main.cpp in Sources */,
			);
			runOnlyForDeploymentPostprocessing = 0;
		};
		75739D6E2642ECE6001BCCE0 /* Sources */ = {
			isa = PBXSourcesBuildPhase;
			buildActionMask = 2147483647;
			files = (
				75739D752642ECE6001BCCE0 /* main.cpp in Sources */,
			);
			runOnlyForDeploymentPostprocessing = 0;
		};
		75739D842643D3BA001BCCE0 /* Sources */ = {
			isa = PBXSourcesBuildPhase;
			buildActionMask = 2147483647;
			files = (
				75C204A5264C25FD00EBBBB6 /* read_input_functions.cpp in Sources */,
				75C20485264C25CE00EBBBB6 /* document.cpp in Sources */,
				75C204C5264C263900EBBBB6 /* search_server.cpp in Sources */,
				75739D8B2643D3BA001BCCE0 /* main.cpp in Sources */,
				75C204D5264C264600EBBBB6 /* string_processing.cpp in Sources */,
				75C204B5264C261800EBBBB6 /* request_queue.cpp in Sources */,
			);
			runOnlyForDeploymentPostprocessing = 0;
		};
		7586A7CC262DAB8700585561 /* Sources */ = {
			isa = PBXSourcesBuildPhase;
			buildActionMask = 2147483647;
			files = (
				7586A7D3262DAB8700585561 /* main.cpp in Sources */,
			);
			runOnlyForDeploymentPostprocessing = 0;
		};
		7586A7DD262DC83900585561 /* Sources */ = {
			isa = PBXSourcesBuildPhase;
			buildActionMask = 2147483647;
			files = (
				756F5ED4262F37EA00D762C6 /* main.cpp in Sources */,
			);
			runOnlyForDeploymentPostprocessing = 0;
		};
		75C2046A2645D60400EBBBB6 /* Sources */ = {
			isa = PBXSourcesBuildPhase;
			buildActionMask = 2147483647;
			files = (
				75C204712645D60400EBBBB6 /* main.cpp in Sources */,
			);
			runOnlyForDeploymentPostprocessing = 0;
		};
		75CAF0CC2626DB0D00F120AA /* Sources */ = {
			isa = PBXSourcesBuildPhase;
			buildActionMask = 2147483647;
			files = (
			);
			runOnlyForDeploymentPostprocessing = 0;
		};
		75F5CBF8261B5D7A00CB6D97 /* Sources */ = {
			isa = PBXSourcesBuildPhase;
			buildActionMask = 2147483647;
			files = (
				75F5CBFF261B5D7A00CB6D97 /* main.cpp in Sources */,
			);
			runOnlyForDeploymentPostprocessing = 0;
		};
		75F5CC06261CEA8F00CB6D97 /* Sources */ = {
			isa = PBXSourcesBuildPhase;
			buildActionMask = 2147483647;
			files = (
				75F5CC0D261CEA8F00CB6D97 /* main.cpp in Sources */,
			);
			runOnlyForDeploymentPostprocessing = 0;
		};
/* End PBXSourcesBuildPhase section */

/* Begin XCBuildConfiguration section */
		750551C725EEBE80004001C5 /* Debug */ = {
			isa = XCBuildConfiguration;
			buildSettings = {
				ALWAYS_SEARCH_USER_PATHS = NO;
				CLANG_ANALYZER_NONNULL = YES;
				CLANG_ANALYZER_NUMBER_OBJECT_CONVERSION = YES_AGGRESSIVE;
				CLANG_CXX_LANGUAGE_STANDARD = "gnu++17";
				CLANG_CXX_LIBRARY = "libc++";
				CLANG_ENABLE_MODULES = YES;
				CLANG_ENABLE_OBJC_ARC = YES;
				CLANG_ENABLE_OBJC_WEAK = YES;
				CLANG_WARN_BLOCK_CAPTURE_AUTORELEASING = YES;
				CLANG_WARN_BOOL_CONVERSION = YES;
				CLANG_WARN_COMMA = YES;
				CLANG_WARN_CONSTANT_CONVERSION = YES;
				CLANG_WARN_DEPRECATED_OBJC_IMPLEMENTATIONS = YES;
				CLANG_WARN_DIRECT_OBJC_ISA_USAGE = YES_ERROR;
				CLANG_WARN_DOCUMENTATION_COMMENTS = YES;
				CLANG_WARN_EMPTY_BODY = YES;
				CLANG_WARN_ENUM_CONVERSION = YES;
				CLANG_WARN_INFINITE_RECURSION = YES;
				CLANG_WARN_INT_CONVERSION = YES;
				CLANG_WARN_NON_LITERAL_NULL_CONVERSION = YES;
				CLANG_WARN_OBJC_IMPLICIT_RETAIN_SELF = YES;
				CLANG_WARN_OBJC_LITERAL_CONVERSION = YES;
				CLANG_WARN_OBJC_ROOT_CLASS = YES_ERROR;
				CLANG_WARN_QUOTED_INCLUDE_IN_FRAMEWORK_HEADER = YES;
				CLANG_WARN_RANGE_LOOP_ANALYSIS = YES;
				CLANG_WARN_STRICT_PROTOTYPES = YES;
				CLANG_WARN_SUSPICIOUS_MOVE = YES;
				CLANG_WARN_UNGUARDED_AVAILABILITY = YES_AGGRESSIVE;
				CLANG_WARN_UNREACHABLE_CODE = YES;
				CLANG_WARN__DUPLICATE_METHOD_MATCH = YES;
				COPY_PHASE_STRIP = NO;
				DEBUG_INFORMATION_FORMAT = dwarf;
				ENABLE_STRICT_OBJC_MSGSEND = YES;
				ENABLE_TESTABILITY = YES;
				GCC_C_LANGUAGE_STANDARD = gnu11;
				GCC_DYNAMIC_NO_PIC = NO;
				GCC_NO_COMMON_BLOCKS = YES;
				GCC_OPTIMIZATION_LEVEL = 0;
				GCC_PREPROCESSOR_DEFINITIONS = (
					"DEBUG=1",
					"$(inherited)",
				);
				GCC_WARN_64_TO_32_BIT_CONVERSION = YES;
				GCC_WARN_ABOUT_RETURN_TYPE = YES_ERROR;
				GCC_WARN_UNDECLARED_SELECTOR = YES;
				GCC_WARN_UNINITIALIZED_AUTOS = YES_AGGRESSIVE;
				GCC_WARN_UNUSED_FUNCTION = YES;
				GCC_WARN_UNUSED_VARIABLE = YES;
				MACOSX_DEPLOYMENT_TARGET = 11.1;
				MTL_ENABLE_DEBUG_INFO = INCLUDE_SOURCE;
				MTL_FAST_MATH = YES;
				ONLY_ACTIVE_ARCH = YES;
				OTHER_CPLUSPLUSFLAGS = (
					"$(OTHER_CFLAGS)",
					"-Wall",
					"-W",
				);
				SDKROOT = macosx;
			};
			name = Debug;
		};
		750551C825EEBE80004001C5 /* Release */ = {
			isa = XCBuildConfiguration;
			buildSettings = {
				ALWAYS_SEARCH_USER_PATHS = NO;
				CLANG_ANALYZER_NONNULL = YES;
				CLANG_ANALYZER_NUMBER_OBJECT_CONVERSION = YES_AGGRESSIVE;
				CLANG_CXX_LANGUAGE_STANDARD = "gnu++17";
				CLANG_CXX_LIBRARY = "libc++";
				CLANG_ENABLE_MODULES = YES;
				CLANG_ENABLE_OBJC_ARC = YES;
				CLANG_ENABLE_OBJC_WEAK = YES;
				CLANG_WARN_BLOCK_CAPTURE_AUTORELEASING = YES;
				CLANG_WARN_BOOL_CONVERSION = YES;
				CLANG_WARN_COMMA = YES;
				CLANG_WARN_CONSTANT_CONVERSION = YES;
				CLANG_WARN_DEPRECATED_OBJC_IMPLEMENTATIONS = YES;
				CLANG_WARN_DIRECT_OBJC_ISA_USAGE = YES_ERROR;
				CLANG_WARN_DOCUMENTATION_COMMENTS = YES;
				CLANG_WARN_EMPTY_BODY = YES;
				CLANG_WARN_ENUM_CONVERSION = YES;
				CLANG_WARN_INFINITE_RECURSION = YES;
				CLANG_WARN_INT_CONVERSION = YES;
				CLANG_WARN_NON_LITERAL_NULL_CONVERSION = YES;
				CLANG_WARN_OBJC_IMPLICIT_RETAIN_SELF = YES;
				CLANG_WARN_OBJC_LITERAL_CONVERSION = YES;
				CLANG_WARN_OBJC_ROOT_CLASS = YES_ERROR;
				CLANG_WARN_QUOTED_INCLUDE_IN_FRAMEWORK_HEADER = YES;
				CLANG_WARN_RANGE_LOOP_ANALYSIS = YES;
				CLANG_WARN_STRICT_PROTOTYPES = YES;
				CLANG_WARN_SUSPICIOUS_MOVE = YES;
				CLANG_WARN_UNGUARDED_AVAILABILITY = YES_AGGRESSIVE;
				CLANG_WARN_UNREACHABLE_CODE = YES;
				CLANG_WARN__DUPLICATE_METHOD_MATCH = YES;
				COPY_PHASE_STRIP = NO;
				DEBUG_INFORMATION_FORMAT = "dwarf-with-dsym";
				ENABLE_NS_ASSERTIONS = NO;
				ENABLE_STRICT_OBJC_MSGSEND = YES;
				GCC_C_LANGUAGE_STANDARD = gnu11;
				GCC_NO_COMMON_BLOCKS = YES;
				GCC_WARN_64_TO_32_BIT_CONVERSION = YES;
				GCC_WARN_ABOUT_RETURN_TYPE = YES_ERROR;
				GCC_WARN_UNDECLARED_SELECTOR = YES;
				GCC_WARN_UNINITIALIZED_AUTOS = YES_AGGRESSIVE;
				GCC_WARN_UNUSED_FUNCTION = YES;
				GCC_WARN_UNUSED_VARIABLE = YES;
				MACOSX_DEPLOYMENT_TARGET = 11.1;
				MTL_ENABLE_DEBUG_INFO = NO;
				MTL_FAST_MATH = YES;
				OTHER_CPLUSPLUSFLAGS = (
					"$(OTHER_CFLAGS)",
					"-Wall",
					"-W",
				);
				SDKROOT = macosx;
			};
			name = Release;
		};
		750551CA25EEBE80004001C5 /* Debug */ = {
			isa = XCBuildConfiguration;
			buildSettings = {
				CLANG_CXX_LANGUAGE_STANDARD = "gnu++17";
				CODE_SIGN_STYLE = Automatic;
				OTHER_CPLUSPLUSFLAGS = (
					"-W",
					"$(OTHER_CFLAGS)",
					"-Wall",
				);
				PRODUCT_NAME = "$(TARGET_NAME)";
			};
			name = Debug;
		};
		750551CB25EEBE80004001C5 /* Release */ = {
			isa = XCBuildConfiguration;
			buildSettings = {
				CLANG_CXX_LANGUAGE_STANDARD = "gnu++17";
				CODE_SIGN_STYLE = Automatic;
				OTHER_CPLUSPLUSFLAGS = (
					"-W",
					"$(OTHER_CFLAGS)",
					"-Wall",
				);
				PRODUCT_NAME = "$(TARGET_NAME)";
			};
			name = Release;
		};
		7505A95F2618B1080077C493 /* Debug */ = {
			isa = XCBuildConfiguration;
			buildSettings = {
				CODE_SIGN_STYLE = Automatic;
				PRODUCT_NAME = "$(TARGET_NAME)";
			};
			name = Debug;
		};
		7505A9602618B1080077C493 /* Release */ = {
			isa = XCBuildConfiguration;
			buildSettings = {
				CODE_SIGN_STYLE = Automatic;
				PRODUCT_NAME = "$(TARGET_NAME)";
			};
			name = Release;
		};
		75739D32264153C3001BCCE0 /* Debug */ = {
			isa = XCBuildConfiguration;
			buildSettings = {
				CLANG_CXX_LANGUAGE_STANDARD = "gnu++17";
				CODE_SIGN_STYLE = Automatic;
				PRODUCT_NAME = "$(TARGET_NAME)";
			};
			name = Debug;
		};
		75739D33264153C3001BCCE0 /* Release */ = {
			isa = XCBuildConfiguration;
			buildSettings = {
				CLANG_CXX_LANGUAGE_STANDARD = "gnu++17";
				CODE_SIGN_STYLE = Automatic;
				PRODUCT_NAME = "$(TARGET_NAME)";
			};
			name = Release;
		};
		75739D4D2641D0FF001BCCE0 /* Debug */ = {
			isa = XCBuildConfiguration;
			buildSettings = {
				CLANG_CXX_LANGUAGE_STANDARD = "gnu++14";
				CODE_SIGN_STYLE = Automatic;
				PRODUCT_NAME = "$(TARGET_NAME)";
			};
			name = Debug;
		};
		75739D4E2641D0FF001BCCE0 /* Release */ = {
			isa = XCBuildConfiguration;
			buildSettings = {
				CLANG_CXX_LANGUAGE_STANDARD = "gnu++14";
				CODE_SIGN_STYLE = Automatic;
				PRODUCT_NAME = "$(TARGET_NAME)";
			};
			name = Release;
		};
		75739D622641D303001BCCE0 /* Debug */ = {
			isa = XCBuildConfiguration;
			buildSettings = {
				CLANG_CXX_LANGUAGE_STANDARD = "gnu++14";
				CODE_SIGN_STYLE = Automatic;
				PRODUCT_NAME = "$(TARGET_NAME)";
			};
			name = Debug;
		};
		75739D632641D303001BCCE0 /* Release */ = {
			isa = XCBuildConfiguration;
			buildSettings = {
				CLANG_CXX_LANGUAGE_STANDARD = "gnu++14";
				CODE_SIGN_STYLE = Automatic;
				PRODUCT_NAME = "$(TARGET_NAME)";
			};
			name = Release;
		};
		75739D762642ECE6001BCCE0 /* Debug */ = {
			isa = XCBuildConfiguration;
			buildSettings = {
				CLANG_CXX_LANGUAGE_STANDARD = "gnu++14";
				CODE_SIGN_STYLE = Automatic;
				PRODUCT_NAME = "$(TARGET_NAME)";
			};
			name = Debug;
		};
		75739D772642ECE6001BCCE0 /* Release */ = {
			isa = XCBuildConfiguration;
			buildSettings = {
				CLANG_CXX_LANGUAGE_STANDARD = "gnu++14";
				CODE_SIGN_STYLE = Automatic;
				PRODUCT_NAME = "$(TARGET_NAME)";
			};
			name = Release;
		};
		75739D8D2643D3BA001BCCE0 /* Debug */ = {
			isa = XCBuildConfiguration;
			buildSettings = {
				CLANG_CXX_LANGUAGE_STANDARD = "gnu++17";
				CODE_SIGN_STYLE = Automatic;
				PRODUCT_NAME = "$(TARGET_NAME)";
			};
			name = Debug;
		};
		75739D8E2643D3BA001BCCE0 /* Release */ = {
			isa = XCBuildConfiguration;
			buildSettings = {
				CLANG_CXX_LANGUAGE_STANDARD = "gnu++17";
				CODE_SIGN_STYLE = Automatic;
				PRODUCT_NAME = "$(TARGET_NAME)";
			};
			name = Release;
		};
		7586A7D4262DAB8700585561 /* Debug */ = {
			isa = XCBuildConfiguration;
			buildSettings = {
				CLANG_CXX_LANGUAGE_STANDARD = "gnu++17";
				CODE_SIGN_STYLE = Automatic;
				PRODUCT_NAME = "$(TARGET_NAME)";
			};
			name = Debug;
		};
		7586A7D5262DAB8700585561 /* Release */ = {
			isa = XCBuildConfiguration;
			buildSettings = {
				CLANG_CXX_LANGUAGE_STANDARD = "gnu++17";
				CODE_SIGN_STYLE = Automatic;
				PRODUCT_NAME = "$(TARGET_NAME)";
			};
			name = Release;
		};
		7586A7E6262DC83900585561 /* Debug */ = {
			isa = XCBuildConfiguration;
			buildSettings = {
				CLANG_CXX_LANGUAGE_STANDARD = "gnu++17";
				CLANG_CXX_LIBRARY = "libc++";
				CODE_SIGN_STYLE = Automatic;
				PRODUCT_NAME = "$(TARGET_NAME)";
			};
			name = Debug;
		};
		7586A7E7262DC83900585561 /* Release */ = {
			isa = XCBuildConfiguration;
			buildSettings = {
				CLANG_CXX_LANGUAGE_STANDARD = "gnu++17";
				CLANG_CXX_LIBRARY = "libc++";
				CODE_SIGN_STYLE = Automatic;
				PRODUCT_NAME = "$(TARGET_NAME)";
			};
			name = Release;
		};
		75C204722645D60400EBBBB6 /* Debug */ = {
			isa = XCBuildConfiguration;
			buildSettings = {
				CLANG_CXX_LANGUAGE_STANDARD = "gnu++14";
				CODE_SIGN_STYLE = Automatic;
				PRODUCT_NAME = "$(TARGET_NAME)";
			};
			name = Debug;
		};
		75C204732645D60400EBBBB6 /* Release */ = {
			isa = XCBuildConfiguration;
			buildSettings = {
				CLANG_CXX_LANGUAGE_STANDARD = "gnu++14";
				CODE_SIGN_STYLE = Automatic;
				PRODUCT_NAME = "$(TARGET_NAME)";
			};
			name = Release;
		};
		75CAF0D52626DB0D00F120AA /* Debug */ = {
			isa = XCBuildConfiguration;
			buildSettings = {
				CLANG_CXX_LANGUAGE_STANDARD = "gnu++14";
				CODE_SIGN_STYLE = Automatic;
				PRODUCT_NAME = "$(TARGET_NAME)";
			};
			name = Debug;
		};
		75CAF0D62626DB0D00F120AA /* Release */ = {
			isa = XCBuildConfiguration;
			buildSettings = {
				CLANG_CXX_LANGUAGE_STANDARD = "gnu++14";
				CODE_SIGN_STYLE = Automatic;
				PRODUCT_NAME = "$(TARGET_NAME)";
			};
			name = Release;
		};
		75F5CC00261B5D7A00CB6D97 /* Debug */ = {
			isa = XCBuildConfiguration;
			buildSettings = {
				CODE_SIGN_STYLE = Automatic;
				PRODUCT_NAME = "$(TARGET_NAME)";
			};
			name = Debug;
		};
		75F5CC01261B5D7A00CB6D97 /* Release */ = {
			isa = XCBuildConfiguration;
			buildSettings = {
				CODE_SIGN_STYLE = Automatic;
				PRODUCT_NAME = "$(TARGET_NAME)";
			};
			name = Release;
		};
		75F5CC0E261CEA8F00CB6D97 /* Debug */ = {
			isa = XCBuildConfiguration;
			buildSettings = {
				CLANG_CXX_LANGUAGE_STANDARD = "c++17";
				CODE_SIGN_STYLE = Automatic;
				OTHER_CPLUSPLUSFLAGS = (
					"$(OTHER_CFLAGS)",
					"-Wall",
					"-Werror",
					"-W",
				);
				PRODUCT_NAME = "$(TARGET_NAME)";
			};
			name = Debug;
		};
		75F5CC0F261CEA8F00CB6D97 /* Release */ = {
			isa = XCBuildConfiguration;
			buildSettings = {
				CLANG_CXX_LANGUAGE_STANDARD = "c++17";
				CODE_SIGN_STYLE = Automatic;
				OTHER_CPLUSPLUSFLAGS = (
					"$(OTHER_CFLAGS)",
					"-Wall",
					"-Werror",
					"-W",
				);
				PRODUCT_NAME = "$(TARGET_NAME)";
			};
			name = Release;
		};
/* End XCBuildConfiguration section */

/* Begin XCConfigurationList section */
		750551BD25EEBE80004001C5 /* Build configuration list for PBXProject "simple_search" */ = {
			isa = XCConfigurationList;
			buildConfigurations = (
				750551C725EEBE80004001C5 /* Debug */,
				750551C825EEBE80004001C5 /* Release */,
			);
			defaultConfigurationIsVisible = 0;
			defaultConfigurationName = Release;
		};
		750551C925EEBE80004001C5 /* Build configuration list for PBXNativeTarget "simple_search" */ = {
			isa = XCConfigurationList;
			buildConfigurations = (
				750551CA25EEBE80004001C5 /* Debug */,
				750551CB25EEBE80004001C5 /* Release */,
			);
			defaultConfigurationIsVisible = 0;
			defaultConfigurationName = Release;
		};
		7505A9612618B1080077C493 /* Build configuration list for PBXNativeTarget "Sprint2" */ = {
			isa = XCConfigurationList;
			buildConfigurations = (
				7505A95F2618B1080077C493 /* Debug */,
				7505A9602618B1080077C493 /* Release */,
			);
			defaultConfigurationIsVisible = 0;
			defaultConfigurationName = Release;
		};
		75739D34264153C3001BCCE0 /* Build configuration list for PBXNativeTarget "PrintRange" */ = {
			isa = XCConfigurationList;
			buildConfigurations = (
				75739D32264153C3001BCCE0 /* Debug */,
				75739D33264153C3001BCCE0 /* Release */,
			);
			defaultConfigurationIsVisible = 0;
			defaultConfigurationName = Release;
		};
		75739D4F2641D0FF001BCCE0 /* Build configuration list for PBXNativeTarget "Playground" */ = {
			isa = XCConfigurationList;
			buildConfigurations = (
				75739D4D2641D0FF001BCCE0 /* Debug */,
				75739D4E2641D0FF001BCCE0 /* Release */,
			);
			defaultConfigurationIsVisible = 0;
			defaultConfigurationName = Release;
		};
		75739D612641D303001BCCE0 /* Build configuration list for PBXNativeTarget "HanoiTower" */ = {
			isa = XCConfigurationList;
			buildConfigurations = (
				75739D622641D303001BCCE0 /* Debug */,
				75739D632641D303001BCCE0 /* Release */,
			);
			defaultConfigurationIsVisible = 0;
			defaultConfigurationName = Release;
		};
		75739D782642ECE6001BCCE0 /* Build configuration list for PBXNativeTarget "MergeSort" */ = {
			isa = XCConfigurationList;
			buildConfigurations = (
				75739D762642ECE6001BCCE0 /* Debug */,
				75739D772642ECE6001BCCE0 /* Release */,
			);
			defaultConfigurationIsVisible = 0;
			defaultConfigurationName = Release;
		};
		75739D8C2643D3BA001BCCE0 /* Build configuration list for PBXNativeTarget "Sprint4" */ = {
			isa = XCConfigurationList;
			buildConfigurations = (
				75739D8D2643D3BA001BCCE0 /* Debug */,
				75739D8E2643D3BA001BCCE0 /* Release */,
			);
			defaultConfigurationIsVisible = 0;
			defaultConfigurationName = Release;
		};
		7586A7D6262DAB8700585561 /* Build configuration list for PBXNativeTarget "Rational" */ = {
			isa = XCConfigurationList;
			buildConfigurations = (
				7586A7D4262DAB8700585561 /* Debug */,
				7586A7D5262DAB8700585561 /* Release */,
			);
			defaultConfigurationIsVisible = 0;
			defaultConfigurationName = Release;
		};
		7586A7E5262DC83900585561 /* Build configuration list for PBXNativeTarget "Sprint3" */ = {
			isa = XCConfigurationList;
			buildConfigurations = (
				7586A7E6262DC83900585561 /* Debug */,
				7586A7E7262DC83900585561 /* Release */,
			);
			defaultConfigurationIsVisible = 0;
			defaultConfigurationName = Release;
		};
		75C204742645D60400EBBBB6 /* Build configuration list for PBXNativeTarget "Stack" */ = {
			isa = XCConfigurationList;
			buildConfigurations = (
				75C204722645D60400EBBBB6 /* Debug */,
				75C204732645D60400EBBBB6 /* Release */,
			);
			defaultConfigurationIsVisible = 0;
			defaultConfigurationName = Release;
		};
		75CAF0D42626DB0D00F120AA /* Build configuration list for PBXNativeTarget "DebuggerTest" */ = {
			isa = XCConfigurationList;
			buildConfigurations = (
				75CAF0D52626DB0D00F120AA /* Debug */,
				75CAF0D62626DB0D00F120AA /* Release */,
			);
			defaultConfigurationIsVisible = 0;
			defaultConfigurationName = Release;
		};
		75F5CC02261B5D7A00CB6D97 /* Build configuration list for PBXNativeTarget "Synonyms" */ = {
			isa = XCConfigurationList;
			buildConfigurations = (
				75F5CC00261B5D7A00CB6D97 /* Debug */,
				75F5CC01261B5D7A00CB6D97 /* Release */,
			);
			defaultConfigurationIsVisible = 0;
			defaultConfigurationName = Release;
		};
		75F5CC10261CEA8F00CB6D97 /* Build configuration list for PBXNativeTarget "BusStops" */ = {
			isa = XCConfigurationList;
			buildConfigurations = (
				75F5CC0E261CEA8F00CB6D97 /* Debug */,
				75F5CC0F261CEA8F00CB6D97 /* Release */,
			);
			defaultConfigurationIsVisible = 0;
			defaultConfigurationName = Release;
		};
/* End XCConfigurationList section */
	};
	rootObject = 750551BA25EEBE80004001C5 /* Project object */;
}
